
Microsoft Visual Studio Solution File, Format Version 12.00
# Visual Studio Version 16
VisualStudioVersion = 16.0.31613.86
MinimumVisualStudioVersion = 10.0.40219.1
Project("{FAE04EC0-301F-11D3-BF4B-00C04F79EFBC}") = "proyectofinal", "proyectofinal\proyectofinal.csproj", "{7FB60117-41D5-4CC2-8E7C-C0D0EF896A62}"
EndProject
Global
	GlobalSection(SolutionConfigurationPlatforms) = preSolution
		Debug|Any CPU = Debug|Any CPU
		Release|Any CPU = Release|Any CPU
	EndGlobalSection
	GlobalSection(ProjectConfigurationPlatforms) = postSolution
		{7FB60117-41D5-4CC2-8E7C-C0D0EF896A62}.Debug|Any CPU.ActiveCfg = Debug|Any CPU
		{7FB60117-41D5-4CC2-8E7C-C0D0EF896A62}.Debug|Any CPU.Build.0 = Debug|Any CPU
		{7FB60117-41D5-4CC2-8E7C-C0D0EF896A62}.Release|Any CPU.ActiveCfg = Release|Any CPU
		{7FB60117-41D5-4CC2-8E7C-C0D0EF896A62}.Release|Any CPU.Build.0 = Release|Any CPU
	EndGlobalSection
	GlobalSection(SolutionProperties) = preSolution
		HideSolutionNode = FALSE
	EndGlobalSection
	GlobalSection(ExtensibilityGlobals) = postSolution
		SolutionGuid = {12601FDC-E5E0-4456-BEF2-BF64AA670041}
	EndGlobalSection
EndGlobal
